
Microsoft Visual Studio Solution File, Format Version 12.00
# Visual Studio 15
Project("{FAE04EC0-301F-11D3-BF4B-00C04F79EFBC}") = "SkipioTests", "SkipioTests\SkipioTests.csproj", "{D7DEC48F-CCB3-4FC9-8C64-6CB5398C49C3}"
EndProject
Project("{FAE04EC0-301F-11D3-BF4B-00C04F79EFBC}") = "SkipioDemoFramework", "SkipioDemoFramework\SkipioDemoFramework.csproj", "{048C02D0-7BA0-4452-B03C-180012E5741F}"
EndProject
Global
	GlobalSection(SolutionConfigurationPlatforms) = preSolution
		Debug|Any CPU = Debug|Any CPU
		Release|Any CPU = Release|Any CPU
	EndGlobalSection
	GlobalSection(ProjectConfigurationPlatforms) = postSolution
		{D7DEC48F-CCB3-4FC9-8C64-6CB5398C49C3}.Debug|Any CPU.ActiveCfg = Debug|Any CPU
		{D7DEC48F-CCB3-4FC9-8C64-6CB5398C49C3}.Debug|Any CPU.Build.0 = Debug|Any CPU
		{D7DEC48F-CCB3-4FC9-8C64-6CB5398C49C3}.Release|Any CPU.ActiveCfg = Release|Any CPU
		{D7DEC48F-CCB3-4FC9-8C64-6CB5398C49C3}.Release|Any CPU.Build.0 = Release|Any CPU
		{048C02D0-7BA0-4452-B03C-180012E5741F}.Debug|Any CPU.ActiveCfg = Debug|Any CPU
		{048C02D0-7BA0-4452-B03C-180012E5741F}.Debug|Any CPU.Build.0 = Debug|Any CPU
		{048C02D0-7BA0-4452-B03C-180012E5741F}.Release|Any CPU.ActiveCfg = Release|Any CPU
		{048C02D0-7BA0-4452-B03C-180012E5741F}.Release|Any CPU.Build.0 = Release|Any CPU
	EndGlobalSection
EndGlobal
